
Microsoft Visual Studio Solution File, Format Version 12.00
# Visual Studio Version 17
VisualStudioVersion = 17.11.35327.3
MinimumVisualStudioVersion = 10.0.40219.1
Project("{FAE04EC0-301F-11D3-BF4B-00C04F79EFBC}") = "LibrarySystem", "LibrarySystem.csproj", "{13A54B59-04FC-40DD-9E0E-EB416D9760DC}"
EndProject
Global
	GlobalSection(SolutionConfigurationPlatforms) = preSolution
		Debug|Any CPU = Debug|Any CPU
		Release|Any CPU = Release|Any CPU
	EndGlobalSection
	GlobalSection(ProjectConfigurationPlatforms) = postSolution
		{13A54B59-04FC-40DD-9E0E-EB416D9760DC}.Debug|Any CPU.ActiveCfg = Debug|Any CPU
		{13A54B59-04FC-40DD-9E0E-EB416D9760DC}.Debug|Any CPU.Build.0 = Debug|Any CPU
		{13A54B59-04FC-40DD-9E0E-EB416D9760DC}.Release|Any CPU.ActiveCfg = Release|Any CPU
		{13A54B59-04FC-40DD-9E0E-EB416D9760DC}.Release|Any CPU.Build.0 = Release|Any CPU
	EndGlobalSection
	GlobalSection(SolutionProperties) = preSolution
		HideSolutionNode = FALSE
	EndGlobalSection
	GlobalSection(ExtensibilityGlobals) = postSolution
		SolutionGuid = {656013EC-C37F-4372-8594-1BE8BBD6BE0C}
	EndGlobalSection
EndGlobal
